
Microsoft Visual Studio Solution File, Format Version 12.00
# Visual Studio 2013
VisualStudioVersion = 12.0.21005.1
MinimumVisualStudioVersion = 10.0.40219.1
Project("{FAE04EC0-301F-11D3-BF4B-00C04F79EFBC}") = "myrentals.entities", "myrentals.car.entities\myrentals.entities.csproj", "{05C3180E-C65C-42F3-A93B-8A65B2F614E5}"
EndProject
Project("{FAE04EC0-301F-11D3-BF4B-00C04F79EFBC}") = "myrentals.repository", "myrentals.repository\myrentals.repository.csproj", "{E9E294B4-D6D8-40F5-A77B-47DAE09D194D}"
EndProject
Project("{FAE04EC0-301F-11D3-BF4B-00C04F79EFBC}") = "myrentals.service", "myrentals.service\myrentals.service.csproj", "{E04AE92C-DD1A-4D10-89B3-D6FCCBBE28DD}"
EndProject
Project("{FAE04EC0-301F-11D3-BF4B-00C04F79EFBC}") = "myrentals.test", "myrentals.test\myrentals.test.csproj", "{F1DC047C-CFB3-4010-9819-593A2B2BFF17}"
EndProject
Global
	GlobalSection(SolutionConfigurationPlatforms) = preSolution
		Debug|Any CPU = Debug|Any CPU
		Release|Any CPU = Release|Any CPU
	EndGlobalSection
	GlobalSection(ProjectConfigurationPlatforms) = postSolution
		{05C3180E-C65C-42F3-A93B-8A65B2F614E5}.Debug|Any CPU.ActiveCfg = Debug|Any CPU
		{05C3180E-C65C-42F3-A93B-8A65B2F614E5}.Debug|Any CPU.Build.0 = Debug|Any CPU
		{05C3180E-C65C-42F3-A93B-8A65B2F614E5}.Release|Any CPU.ActiveCfg = Release|Any CPU
		{05C3180E-C65C-42F3-A93B-8A65B2F614E5}.Release|Any CPU.Build.0 = Release|Any CPU
		{E9E294B4-D6D8-40F5-A77B-47DAE09D194D}.Debug|Any CPU.ActiveCfg = Debug|Any CPU
		{E9E294B4-D6D8-40F5-A77B-47DAE09D194D}.Debug|Any CPU.Build.0 = Debug|Any CPU
		{E9E294B4-D6D8-40F5-A77B-47DAE09D194D}.Release|Any CPU.ActiveCfg = Release|Any CPU
		{E9E294B4-D6D8-40F5-A77B-47DAE09D194D}.Release|Any CPU.Build.0 = Release|Any CPU
		{E04AE92C-DD1A-4D10-89B3-D6FCCBBE28DD}.Debug|Any CPU.ActiveCfg = Debug|Any CPU
		{E04AE92C-DD1A-4D10-89B3-D6FCCBBE28DD}.Debug|Any CPU.Build.0 = Debug|Any CPU
		{E04AE92C-DD1A-4D10-89B3-D6FCCBBE28DD}.Release|Any CPU.ActiveCfg = Release|Any CPU
		{E04AE92C-DD1A-4D10-89B3-D6FCCBBE28DD}.Release|Any CPU.Build.0 = Release|Any CPU
		{F1DC047C-CFB3-4010-9819-593A2B2BFF17}.Debug|Any CPU.ActiveCfg = Debug|Any CPU
		{F1DC047C-CFB3-4010-9819-593A2B2BFF17}.Debug|Any CPU.Build.0 = Debug|Any CPU
		{F1DC047C-CFB3-4010-9819-593A2B2BFF17}.Release|Any CPU.ActiveCfg = Release|Any CPU
		{F1DC047C-CFB3-4010-9819-593A2B2BFF17}.Release|Any CPU.Build.0 = Release|Any CPU
	EndGlobalSection
	GlobalSection(SolutionProperties) = preSolution
		HideSolutionNode = FALSE
	EndGlobalSection
EndGlobal
